
Microsoft Visual Studio Solution File, Format Version 12.00
# Visual Studio Version 17
VisualStudioVersion = 17.8.34525.116
MinimumVisualStudioVersion = 10.0.40219.1
Project("{FAE04EC0-301F-11D3-BF4B-00C04F79EFBC}") = "enocaDotNetChallengev2", "enocaDotNetChallengev2.csproj", "{6673318B-8E17-4248-AE08-14F9265A745D}"
EndProject
Project("{FAE04EC0-301F-11D3-BF4B-00C04F79EFBC}") = "EntityLayer", "..\EntityLayer\EntityLayer.csproj", "{D8A99D34-2649-461E-A3A8-A3A892B2618B}"
EndProject
Project("{FAE04EC0-301F-11D3-BF4B-00C04F79EFBC}") = "DataAccessLayer", "..\DataAccessLayer\DataAccessLayer.csproj", "{81ECF007-622A-4CEE-8D91-DC59300F7C95}"
EndProject
Project("{FAE04EC0-301F-11D3-BF4B-00C04F79EFBC}") = "BusinessLayer", "..\BusinessLayer\BusinessLayer.csproj", "{875BCBC3-B9D5-4151-8E4A-B924AA7BC132}"
EndProject
Global
	GlobalSection(SolutionConfigurationPlatforms) = preSolution
		Debug|Any CPU = Debug|Any CPU
		Release|Any CPU = Release|Any CPU
	EndGlobalSection
	GlobalSection(ProjectConfigurationPlatforms) = postSolution
		{6673318B-8E17-4248-AE08-14F9265A745D}.Debug|Any CPU.ActiveCfg = Debug|Any CPU
		{6673318B-8E17-4248-AE08-14F9265A745D}.Debug|Any CPU.Build.0 = Debug|Any CPU
		{6673318B-8E17-4248-AE08-14F9265A745D}.Release|Any CPU.ActiveCfg = Release|Any CPU
		{6673318B-8E17-4248-AE08-14F9265A745D}.Release|Any CPU.Build.0 = Release|Any CPU
		{D8A99D34-2649-461E-A3A8-A3A892B2618B}.Debug|Any CPU.ActiveCfg = Debug|Any CPU
		{D8A99D34-2649-461E-A3A8-A3A892B2618B}.Debug|Any CPU.Build.0 = Debug|Any CPU
		{D8A99D34-2649-461E-A3A8-A3A892B2618B}.Release|Any CPU.ActiveCfg = Release|Any CPU
		{D8A99D34-2649-461E-A3A8-A3A892B2618B}.Release|Any CPU.Build.0 = Release|Any CPU
		{81ECF007-622A-4CEE-8D91-DC59300F7C95}.Debug|Any CPU.ActiveCfg = Debug|Any CPU
		{81ECF007-622A-4CEE-8D91-DC59300F7C95}.Debug|Any CPU.Build.0 = Debug|Any CPU
		{81ECF007-622A-4CEE-8D91-DC59300F7C95}.Release|Any CPU.ActiveCfg = Release|Any CPU
		{81ECF007-622A-4CEE-8D91-DC59300F7C95}.Release|Any CPU.Build.0 = Release|Any CPU
		{875BCBC3-B9D5-4151-8E4A-B924AA7BC132}.Debug|Any CPU.ActiveCfg = Debug|Any CPU
		{875BCBC3-B9D5-4151-8E4A-B924AA7BC132}.Debug|Any CPU.Build.0 = Debug|Any CPU
		{875BCBC3-B9D5-4151-8E4A-B924AA7BC132}.Release|Any CPU.ActiveCfg = Release|Any CPU
		{875BCBC3-B9D5-4151-8E4A-B924AA7BC132}.Release|Any CPU.Build.0 = Release|Any CPU
	EndGlobalSection
	GlobalSection(SolutionProperties) = preSolution
		HideSolutionNode = FALSE
	EndGlobalSection
	GlobalSection(ExtensibilityGlobals) = postSolution
		SolutionGuid = {9E072797-72D0-4C0C-AD60-7137B2A02CB5}
	EndGlobalSection
EndGlobal
